
Microsoft Visual Studio Solution File, Format Version 12.00
# Visual Studio Version 16
VisualStudioVersion = 16.0.31515.178
MinimumVisualStudioVersion = 10.0.40219.1
Project("{8BC9CEB8-8B4A-11D0-8D11-00A0C91BC942}") = "Battle City", "Battle City.vcxproj", "{19578C0B-54CD-4C85-BEA2-072BD3FD472C}"
	ProjectSection(ProjectDependencies) = postProject
		{A9C21608-6F71-4A22-AA1C-7864B166F42A} = {A9C21608-6F71-4A22-AA1C-7864B166F42A}
	EndProjectSection
EndProject
Project("{8BC9CEB8-8B4A-11D0-8D11-00A0C91BC942}") = "RecursiveTemplateLoader", "..\RecursiveTemplateLoader\RecursiveTemplateLoader.vcxproj", "{A9C21608-6F71-4A22-AA1C-7864B166F42A}"
EndProject
Global
	GlobalSection(SolutionConfigurationPlatforms) = preSolution
		Debug|x64 = Debug|x64
		Debug|x86 = Debug|x86
		Release|x64 = Release|x64
		Release|x86 = Release|x86
	EndGlobalSection
	GlobalSection(ProjectConfigurationPlatforms) = postSolution
		{19578C0B-54CD-4C85-BEA2-072BD3FD472C}.Debug|x64.ActiveCfg = Debug|x64
		{19578C0B-54CD-4C85-BEA2-072BD3FD472C}.Debug|x64.Build.0 = Debug|x64
		{19578C0B-54CD-4C85-BEA2-072BD3FD472C}.Debug|x86.ActiveCfg = Debug|Win32
		{19578C0B-54CD-4C85-BEA2-072BD3FD472C}.Debug|x86.Build.0 = Debug|Win32
		{19578C0B-54CD-4C85-BEA2-072BD3FD472C}.Release|x64.ActiveCfg = Release|x64
		{19578C0B-54CD-4C85-BEA2-072BD3FD472C}.Release|x64.Build.0 = Release|x64
		{19578C0B-54CD-4C85-BEA2-072BD3FD472C}.Release|x86.ActiveCfg = Release|Win32
		{19578C0B-54CD-4C85-BEA2-072BD3FD472C}.Release|x86.Build.0 = Release|Win32
		{A9C21608-6F71-4A22-AA1C-7864B166F42A}.Debug|x64.ActiveCfg = Debug|x64
		{A9C21608-6F71-4A22-AA1C-7864B166F42A}.Debug|x64.Build.0 = Debug|x64
		{A9C21608-6F71-4A22-AA1C-7864B166F42A}.Debug|x86.ActiveCfg = Debug|Win32
		{A9C21608-6F71-4A22-AA1C-7864B166F42A}.Debug|x86.Build.0 = Debug|Win32
		{A9C21608-6F71-4A22-AA1C-7864B166F42A}.Release|x64.ActiveCfg = Release|x64
		{A9C21608-6F71-4A22-AA1C-7864B166F42A}.Release|x64.Build.0 = Release|x64
		{A9C21608-6F71-4A22-AA1C-7864B166F42A}.Release|x86.ActiveCfg = Release|Win32
		{A9C21608-6F71-4A22-AA1C-7864B166F42A}.Release|x86.Build.0 = Release|Win32
	EndGlobalSection
	GlobalSection(SolutionProperties) = preSolution
		HideSolutionNode = FALSE
	EndGlobalSection
	GlobalSection(ExtensibilityGlobals) = postSolution
		SolutionGuid = {19704502-F025-4B8F-A7C4-4799D7163CCB}
	EndGlobalSection
EndGlobal
